{
  "name": "avuef",
  "version": "0.2.19",
  "lockfileVersion": 1,
  "requires": true,
  "dependencies": {
    "alak": {
      "version": "0.10.28",
      "resolved": "https://registry.npmjs.org/alak/-/alak-0.10.28.tgz",
      "integrity": "sha512-V5h6pOakO8H9VWUbm7ohCHjTC/U2EwtyJ3eROKI/ao89NrLEwZKoWGoot3iEs0AcxVOlF54J24aB2VrFWjPpoQ=="
    }
  }
}
