{
  "name": "avuef",
  "version": "0.2.17",
  "lockfileVersion": 1,
  "requires": true,
  "dependencies": {
    "alak": {
      "version": "0.10.23",
      "resolved": "https://registry.npmjs.org/alak/-/alak-0.10.23.tgz",
      "integrity": "sha512-Ry0UQrFfMfxEJLQYgirJXVdaEj8KynmiXa/wMuyWwrGc6NCpyMue+lXfVX5kI97pYgbxcpoXw2gq4Ohb09pEnw=="
    }
  }
}
