{
  "name": "avuef",
  "version": "0.2.18",
  "lockfileVersion": 1,
  "requires": true,
  "dependencies": {
    "alak": {
      "version": "0.10.24",
      "resolved": "https://registry.npmjs.org/alak/-/alak-0.10.24.tgz",
      "integrity": "sha512-cv0UrRh5l6oUJl+5npnu4jsa4DBa3LgO6zVlBbqX0E5t+9X8zcA3vChJYxerH31AGIYtEYWx+p87lLu2AWlArQ=="
    }
  }
}
